
Microsoft Visual Studio Solution File, Format Version 12.00
# Visual Studio 15
VisualStudioVersion = 15.0.27130.2036
MinimumVisualStudioVersion = 10.0.40219.1
Project("{FAE04EC0-301F-11D3-BF4B-00C04F79EFBC}") = "WebApplication", "Aplicacao\WebApplication.csproj", "{B1FA3C40-0115-4D39-81BC-8D28358914BC}"
EndProject
Project("{FAE04EC0-301F-11D3-BF4B-00C04F79EFBC}") = "MobileApplication.Android", "MobileApplication\MobileApplication.Android\MobileApplication.Android.csproj", "{3B9C99A4-1C63-4F68-9326-AFAE18BABA20}"
EndProject
Project("{FAE04EC0-301F-11D3-BF4B-00C04F79EFBC}") = "MobileApplication.iOS", "MobileApplication\MobileApplication.iOS\MobileApplication.iOS.csproj", "{049E2F63-E3D0-4193-BD74-C39C728753B3}"
EndProject
Project("{FAE04EC0-301F-11D3-BF4B-00C04F79EFBC}") = "MobileApplication.UWP", "MobileApplication\MobileApplication.UWP\MobileApplication.UWP.csproj", "{4CC1B265-BBA0-4CF2-9446-61883AA92410}"
EndProject
Project("{D954291E-2A0B-460D-934E-DC6B0785DB48}") = "MobileApplication", "MobileApplication\MobileApplication\MobileApplication.shproj", "{6DBB41CC-2AE3-4FC0-8004-7ADDE31319A0}"
EndProject
Project("{2150E333-8FDC-42A3-9474-1A3956D46DE8}") = "Mobile", "Mobile", "{FAC4C1AD-AA8B-421E-9C18-231E3866E4D6}"
EndProject
Project("{9A19103F-16F7-4668-BE54-9A1E7A4F7556}") = "WebApi", "WebApi\WebApi.csproj", "{113B2701-2885-48CE-B63D-3199980409EB}"
EndProject
Project("{FAE04EC0-301F-11D3-BF4B-00C04F79EFBC}") = "Entities", "Entities\Entities.csproj", "{9E1FBF4D-364B-451F-A91B-25FD84788F2C}"
EndProject
Project("{FAE04EC0-301F-11D3-BF4B-00C04F79EFBC}") = "Core", "Core\Core.csproj", "{7C7A3DAD-97A8-42DA-8952-CCBC4E7A3880}"
EndProject
Project("{FAE04EC0-301F-11D3-BF4B-00C04F79EFBC}") = "DataCore", "DataCore\DataCore.csproj", "{33122F5A-95F5-4099-894B-B335604362AF}"
EndProject
Global
	GlobalSection(SharedMSBuildProjectFiles) = preSolution
		MobileApplication\MobileApplication\MobileApplication.projitems*{049e2f63-e3d0-4193-bd74-c39c728753b3}*SharedItemsImports = 4
		MobileApplication\MobileApplication\MobileApplication.projitems*{3b9c99a4-1c63-4f68-9326-afae18baba20}*SharedItemsImports = 4
		MobileApplication\MobileApplication\MobileApplication.projitems*{4cc1b265-bba0-4cf2-9446-61883aa92410}*SharedItemsImports = 4
		MobileApplication\MobileApplication\MobileApplication.projitems*{6dbb41cc-2ae3-4fc0-8004-7adde31319a0}*SharedItemsImports = 13
	EndGlobalSection
	GlobalSection(SolutionConfigurationPlatforms) = preSolution
		Ad-Hoc|Any CPU = Ad-Hoc|Any CPU
		Ad-Hoc|ARM = Ad-Hoc|ARM
		Ad-Hoc|iPhone = Ad-Hoc|iPhone
		Ad-Hoc|iPhoneSimulator = Ad-Hoc|iPhoneSimulator
		Ad-Hoc|x64 = Ad-Hoc|x64
		Ad-Hoc|x86 = Ad-Hoc|x86
		AppStore|Any CPU = AppStore|Any CPU
		AppStore|ARM = AppStore|ARM
		AppStore|iPhone = AppStore|iPhone
		AppStore|iPhoneSimulator = AppStore|iPhoneSimulator
		AppStore|x64 = AppStore|x64
		AppStore|x86 = AppStore|x86
		Debug|Any CPU = Debug|Any CPU
		Debug|ARM = Debug|ARM
		Debug|iPhone = Debug|iPhone
		Debug|iPhoneSimulator = Debug|iPhoneSimulator
		Debug|x64 = Debug|x64
		Debug|x86 = Debug|x86
		Release|Any CPU = Release|Any CPU
		Release|ARM = Release|ARM
		Release|iPhone = Release|iPhone
		Release|iPhoneSimulator = Release|iPhoneSimulator
		Release|x64 = Release|x64
		Release|x86 = Release|x86
	EndGlobalSection
	GlobalSection(ProjectConfigurationPlatforms) = postSolution
		{B1FA3C40-0115-4D39-81BC-8D28358914BC}.Ad-Hoc|Any CPU.ActiveCfg = Release|Any CPU
		{B1FA3C40-0115-4D39-81BC-8D28358914BC}.Ad-Hoc|Any CPU.Build.0 = Release|Any CPU
		{B1FA3C40-0115-4D39-81BC-8D28358914BC}.Ad-Hoc|ARM.ActiveCfg = Release|Any CPU
		{B1FA3C40-0115-4D39-81BC-8D28358914BC}.Ad-Hoc|ARM.Build.0 = Release|Any CPU
		{B1FA3C40-0115-4D39-81BC-8D28358914BC}.Ad-Hoc|iPhone.ActiveCfg = Release|Any CPU
		{B1FA3C40-0115-4D39-81BC-8D28358914BC}.Ad-Hoc|iPhone.Build.0 = Release|Any CPU
		{B1FA3C40-0115-4D39-81BC-8D28358914BC}.Ad-Hoc|iPhoneSimulator.ActiveCfg = Release|Any CPU
		{B1FA3C40-0115-4D39-81BC-8D28358914BC}.Ad-Hoc|iPhoneSimulator.Build.0 = Release|Any CPU
		{B1FA3C40-0115-4D39-81BC-8D28358914BC}.Ad-Hoc|x64.ActiveCfg = Release|Any CPU
		{B1FA3C40-0115-4D39-81BC-8D28358914BC}.Ad-Hoc|x64.Build.0 = Release|Any CPU
		{B1FA3C40-0115-4D39-81BC-8D28358914BC}.Ad-Hoc|x86.ActiveCfg = Release|Any CPU
		{B1FA3C40-0115-4D39-81BC-8D28358914BC}.Ad-Hoc|x86.Build.0 = Release|Any CPU
		{B1FA3C40-0115-4D39-81BC-8D28358914BC}.AppStore|Any CPU.ActiveCfg = Release|Any CPU
		{B1FA3C40-0115-4D39-81BC-8D28358914BC}.AppStore|Any CPU.Build.0 = Release|Any CPU
		{B1FA3C40-0115-4D39-81BC-8D28358914BC}.AppStore|ARM.ActiveCfg = Release|Any CPU
		{B1FA3C40-0115-4D39-81BC-8D28358914BC}.AppStore|ARM.Build.0 = Release|Any CPU
		{B1FA3C40-0115-4D39-81BC-8D28358914BC}.AppStore|iPhone.ActiveCfg = Release|Any CPU
		{B1FA3C40-0115-4D39-81BC-8D28358914BC}.AppStore|iPhone.Build.0 = Release|Any CPU
		{B1FA3C40-0115-4D39-81BC-8D28358914BC}.AppStore|iPhoneSimulator.ActiveCfg = Release|Any CPU
		{B1FA3C40-0115-4D39-81BC-8D28358914BC}.AppStore|iPhoneSimulator.Build.0 = Release|Any CPU
		{B1FA3C40-0115-4D39-81BC-8D28358914BC}.AppStore|x64.ActiveCfg = Release|Any CPU
		{B1FA3C40-0115-4D39-81BC-8D28358914BC}.AppStore|x64.Build.0 = Release|Any CPU
		{B1FA3C40-0115-4D39-81BC-8D28358914BC}.AppStore|x86.ActiveCfg = Release|Any CPU
		{B1FA3C40-0115-4D39-81BC-8D28358914BC}.AppStore|x86.Build.0 = Release|Any CPU
		{B1FA3C40-0115-4D39-81BC-8D28358914BC}.Debug|Any CPU.ActiveCfg = Debug|Any CPU
		{B1FA3C40-0115-4D39-81BC-8D28358914BC}.Debug|Any CPU.Build.0 = Debug|Any CPU
		{B1FA3C40-0115-4D39-81BC-8D28358914BC}.Debug|ARM.ActiveCfg = Debug|Any CPU
		{B1FA3C40-0115-4D39-81BC-8D28358914BC}.Debug|ARM.Build.0 = Debug|Any CPU
		{B1FA3C40-0115-4D39-81BC-8D28358914BC}.Debug|iPhone.ActiveCfg = Debug|Any CPU
		{B1FA3C40-0115-4D39-81BC-8D28358914BC}.Debug|iPhone.Build.0 = Debug|Any CPU
		{B1FA3C40-0115-4D39-81BC-8D28358914BC}.Debug|iPhoneSimulator.ActiveCfg = Debug|Any CPU
		{B1FA3C40-0115-4D39-81BC-8D28358914BC}.Debug|iPhoneSimulator.Build.0 = Debug|Any CPU
		{B1FA3C40-0115-4D39-81BC-8D28358914BC}.Debug|x64.ActiveCfg = Debug|Any CPU
		{B1FA3C40-0115-4D39-81BC-8D28358914BC}.Debug|x64.Build.0 = Debug|Any CPU
		{B1FA3C40-0115-4D39-81BC-8D28358914BC}.Debug|x86.ActiveCfg = Debug|Any CPU
		{B1FA3C40-0115-4D39-81BC-8D28358914BC}.Debug|x86.Build.0 = Debug|Any CPU
		{B1FA3C40-0115-4D39-81BC-8D28358914BC}.Release|Any CPU.ActiveCfg = Release|Any CPU
		{B1FA3C40-0115-4D39-81BC-8D28358914BC}.Release|Any CPU.Build.0 = Release|Any CPU
		{B1FA3C40-0115-4D39-81BC-8D28358914BC}.Release|ARM.ActiveCfg = Release|Any CPU
		{B1FA3C40-0115-4D39-81BC-8D28358914BC}.Release|ARM.Build.0 = Release|Any CPU
		{B1FA3C40-0115-4D39-81BC-8D28358914BC}.Release|iPhone.ActiveCfg = Release|Any CPU
		{B1FA3C40-0115-4D39-81BC-8D28358914BC}.Release|iPhone.Build.0 = Release|Any CPU
		{B1FA3C40-0115-4D39-81BC-8D28358914BC}.Release|iPhoneSimulator.ActiveCfg = Release|Any CPU
		{B1FA3C40-0115-4D39-81BC-8D28358914BC}.Release|iPhoneSimulator.Build.0 = Release|Any CPU
		{B1FA3C40-0115-4D39-81BC-8D28358914BC}.Release|x64.ActiveCfg = Release|Any CPU
		{B1FA3C40-0115-4D39-81BC-8D28358914BC}.Release|x64.Build.0 = Release|Any CPU
		{B1FA3C40-0115-4D39-81BC-8D28358914BC}.Release|x86.ActiveCfg = Release|Any CPU
		{B1FA3C40-0115-4D39-81BC-8D28358914BC}.Release|x86.Build.0 = Release|Any CPU
		{3B9C99A4-1C63-4F68-9326-AFAE18BABA20}.Ad-Hoc|Any CPU.ActiveCfg = Release|Any CPU
		{3B9C99A4-1C63-4F68-9326-AFAE18BABA20}.Ad-Hoc|Any CPU.Build.0 = Release|Any CPU
		{3B9C99A4-1C63-4F68-9326-AFAE18BABA20}.Ad-Hoc|Any CPU.Deploy.0 = Release|Any CPU
		{3B9C99A4-1C63-4F68-9326-AFAE18BABA20}.Ad-Hoc|ARM.ActiveCfg = Release|Any CPU
		{3B9C99A4-1C63-4F68-9326-AFAE18BABA20}.Ad-Hoc|ARM.Build.0 = Release|Any CPU
		{3B9C99A4-1C63-4F68-9326-AFAE18BABA20}.Ad-Hoc|ARM.Deploy.0 = Release|Any CPU
		{3B9C99A4-1C63-4F68-9326-AFAE18BABA20}.Ad-Hoc|iPhone.ActiveCfg = Release|Any CPU
		{3B9C99A4-1C63-4F68-9326-AFAE18BABA20}.Ad-Hoc|iPhone.Build.0 = Release|Any CPU
		{3B9C99A4-1C63-4F68-9326-AFAE18BABA20}.Ad-Hoc|iPhone.Deploy.0 = Release|Any CPU
		{3B9C99A4-1C63-4F68-9326-AFAE18BABA20}.Ad-Hoc|iPhoneSimulator.ActiveCfg = Release|Any CPU
		{3B9C99A4-1C63-4F68-9326-AFAE18BABA20}.Ad-Hoc|iPhoneSimulator.Build.0 = Release|Any CPU
		{3B9C99A4-1C63-4F68-9326-AFAE18BABA20}.Ad-Hoc|iPhoneSimulator.Deploy.0 = Release|Any CPU
		{3B9C99A4-1C63-4F68-9326-AFAE18BABA20}.Ad-Hoc|x64.ActiveCfg = Release|Any CPU
		{3B9C99A4-1C63-4F68-9326-AFAE18BABA20}.Ad-Hoc|x64.Build.0 = Release|Any CPU
		{3B9C99A4-1C63-4F68-9326-AFAE18BABA20}.Ad-Hoc|x64.Deploy.0 = Release|Any CPU
		{3B9C99A4-1C63-4F68-9326-AFAE18BABA20}.Ad-Hoc|x86.ActiveCfg = Release|Any CPU
		{3B9C99A4-1C63-4F68-9326-AFAE18BABA20}.Ad-Hoc|x86.Build.0 = Release|Any CPU
		{3B9C99A4-1C63-4F68-9326-AFAE18BABA20}.Ad-Hoc|x86.Deploy.0 = Release|Any CPU
		{3B9C99A4-1C63-4F68-9326-AFAE18BABA20}.AppStore|Any CPU.ActiveCfg = Release|Any CPU
		{3B9C99A4-1C63-4F68-9326-AFAE18BABA20}.AppStore|Any CPU.Build.0 = Release|Any CPU
		{3B9C99A4-1C63-4F68-9326-AFAE18BABA20}.AppStore|Any CPU.Deploy.0 = Release|Any CPU
		{3B9C99A4-1C63-4F68-9326-AFAE18BABA20}.AppStore|ARM.ActiveCfg = Release|Any CPU
		{3B9C99A4-1C63-4F68-9326-AFAE18BABA20}.AppStore|ARM.Build.0 = Release|Any CPU
		{3B9C99A4-1C63-4F68-9326-AFAE18BABA20}.AppStore|ARM.Deploy.0 = Release|Any CPU
		{3B9C99A4-1C63-4F68-9326-AFAE18BABA20}.AppStore|iPhone.ActiveCfg = Release|Any CPU
		{3B9C99A4-1C63-4F68-9326-AFAE18BABA20}.AppStore|iPhone.Build.0 = Release|Any CPU
		{3B9C99A4-1C63-4F68-9326-AFAE18BABA20}.AppStore|iPhone.Deploy.0 = Release|Any CPU
		{3B9C99A4-1C63-4F68-9326-AFAE18BABA20}.AppStore|iPhoneSimulator.ActiveCfg = Release|Any CPU
		{3B9C99A4-1C63-4F68-9326-AFAE18BABA20}.AppStore|iPhoneSimulator.Build.0 = Release|Any CPU
		{3B9C99A4-1C63-4F68-9326-AFAE18BABA20}.AppStore|iPhoneSimulator.Deploy.0 = Release|Any CPU
		{3B9C99A4-1C63-4F68-9326-AFAE18BABA20}.AppStore|x64.ActiveCfg = Release|Any CPU
		{3B9C99A4-1C63-4F68-9326-AFAE18BABA20}.AppStore|x64.Build.0 = Release|Any CPU
		{3B9C99A4-1C63-4F68-9326-AFAE18BABA20}.AppStore|x64.Deploy.0 = Release|Any CPU
		{3B9C99A4-1C63-4F68-9326-AFAE18BABA20}.AppStore|x86.ActiveCfg = Release|Any CPU
		{3B9C99A4-1C63-4F68-9326-AFAE18BABA20}.AppStore|x86.Build.0 = Release|Any CPU
		{3B9C99A4-1C63-4F68-9326-AFAE18BABA20}.AppStore|x86.Deploy.0 = Release|Any CPU
		{3B9C99A4-1C63-4F68-9326-AFAE18BABA20}.Debug|Any CPU.ActiveCfg = Debug|Any CPU
		{3B9C99A4-1C63-4F68-9326-AFAE18BABA20}.Debug|Any CPU.Build.0 = Debug|Any CPU
		{3B9C99A4-1C63-4F68-9326-AFAE18BABA20}.Debug|Any CPU.Deploy.0 = Debug|Any CPU
		{3B9C99A4-1C63-4F68-9326-AFAE18BABA20}.Debug|ARM.ActiveCfg = Debug|Any CPU
		{3B9C99A4-1C63-4F68-9326-AFAE18BABA20}.Debug|ARM.Build.0 = Debug|Any CPU
		{3B9C99A4-1C63-4F68-9326-AFAE18BABA20}.Debug|ARM.Deploy.0 = Debug|Any CPU
		{3B9C99A4-1C63-4F68-9326-AFAE18BABA20}.Debug|iPhone.ActiveCfg = Debug|Any CPU
		{3B9C99A4-1C63-4F68-9326-AFAE18BABA20}.Debug|iPhone.Build.0 = Debug|Any CPU
		{3B9C99A4-1C63-4F68-9326-AFAE18BABA20}.Debug|iPhone.Deploy.0 = Debug|Any CPU
		{3B9C99A4-1C63-4F68-9326-AFAE18BABA20}.Debug|iPhoneSimulator.ActiveCfg = Debug|Any CPU
		{3B9C99A4-1C63-4F68-9326-AFAE18BABA20}.Debug|iPhoneSimulator.Build.0 = Debug|Any CPU
		{3B9C99A4-1C63-4F68-9326-AFAE18BABA20}.Debug|iPhoneSimulator.Deploy.0 = Debug|Any CPU
		{3B9C99A4-1C63-4F68-9326-AFAE18BABA20}.Debug|x64.ActiveCfg = Debug|Any CPU
		{3B9C99A4-1C63-4F68-9326-AFAE18BABA20}.Debug|x64.Build.0 = Debug|Any CPU
		{3B9C99A4-1C63-4F68-9326-AFAE18BABA20}.Debug|x64.Deploy.0 = Debug|Any CPU
		{3B9C99A4-1C63-4F68-9326-AFAE18BABA20}.Debug|x86.ActiveCfg = Debug|Any CPU
		{3B9C99A4-1C63-4F68-9326-AFAE18BABA20}.Debug|x86.Build.0 = Debug|Any CPU
		{3B9C99A4-1C63-4F68-9326-AFAE18BABA20}.Debug|x86.Deploy.0 = Debug|Any CPU
		{3B9C99A4-1C63-4F68-9326-AFAE18BABA20}.Release|Any CPU.ActiveCfg = Release|Any CPU
		{3B9C99A4-1C63-4F68-9326-AFAE18BABA20}.Release|Any CPU.Build.0 = Release|Any CPU
		{3B9C99A4-1C63-4F68-9326-AFAE18BABA20}.Release|Any CPU.Deploy.0 = Release|Any CPU
		{3B9C99A4-1C63-4F68-9326-AFAE18BABA20}.Release|ARM.ActiveCfg = Release|Any CPU
		{3B9C99A4-1C63-4F68-9326-AFAE18BABA20}.Release|ARM.Build.0 = Release|Any CPU
		{3B9C99A4-1C63-4F68-9326-AFAE18BABA20}.Release|ARM.Deploy.0 = Release|Any CPU
		{3B9C99A4-1C63-4F68-9326-AFAE18BABA20}.Release|iPhone.ActiveCfg = Release|Any CPU
		{3B9C99A4-1C63-4F68-9326-AFAE18BABA20}.Release|iPhone.Build.0 = Release|Any CPU
		{3B9C99A4-1C63-4F68-9326-AFAE18BABA20}.Release|iPhone.Deploy.0 = Release|Any CPU
		{3B9C99A4-1C63-4F68-9326-AFAE18BABA20}.Release|iPhoneSimulator.ActiveCfg = Release|Any CPU
		{3B9C99A4-1C63-4F68-9326-AFAE18BABA20}.Release|iPhoneSimulator.Build.0 = Release|Any CPU
		{3B9C99A4-1C63-4F68-9326-AFAE18BABA20}.Release|iPhoneSimulator.Deploy.0 = Release|Any CPU
		{3B9C99A4-1C63-4F68-9326-AFAE18BABA20}.Release|x64.ActiveCfg = Release|Any CPU
		{3B9C99A4-1C63-4F68-9326-AFAE18BABA20}.Release|x64.Build.0 = Release|Any CPU
		{3B9C99A4-1C63-4F68-9326-AFAE18BABA20}.Release|x64.Deploy.0 = Release|Any CPU
		{3B9C99A4-1C63-4F68-9326-AFAE18BABA20}.Release|x86.ActiveCfg = Release|Any CPU
		{3B9C99A4-1C63-4F68-9326-AFAE18BABA20}.Release|x86.Build.0 = Release|Any CPU
		{3B9C99A4-1C63-4F68-9326-AFAE18BABA20}.Release|x86.Deploy.0 = Release|Any CPU
		{049E2F63-E3D0-4193-BD74-C39C728753B3}.Ad-Hoc|Any CPU.ActiveCfg = Ad-Hoc|iPhone
		{049E2F63-E3D0-4193-BD74-C39C728753B3}.Ad-Hoc|ARM.ActiveCfg = Ad-Hoc|iPhone
		{049E2F63-E3D0-4193-BD74-C39C728753B3}.Ad-Hoc|iPhone.ActiveCfg = Ad-Hoc|iPhone
		{049E2F63-E3D0-4193-BD74-C39C728753B3}.Ad-Hoc|iPhone.Build.0 = Ad-Hoc|iPhone
		{049E2F63-E3D0-4193-BD74-C39C728753B3}.Ad-Hoc|iPhoneSimulator.ActiveCfg = Ad-Hoc|iPhoneSimulator
		{049E2F63-E3D0-4193-BD74-C39C728753B3}.Ad-Hoc|iPhoneSimulator.Build.0 = Ad-Hoc|iPhoneSimulator
		{049E2F63-E3D0-4193-BD74-C39C728753B3}.Ad-Hoc|x64.ActiveCfg = Ad-Hoc|iPhone
		{049E2F63-E3D0-4193-BD74-C39C728753B3}.Ad-Hoc|x86.ActiveCfg = Ad-Hoc|iPhone
		{049E2F63-E3D0-4193-BD74-C39C728753B3}.AppStore|Any CPU.ActiveCfg = AppStore|iPhone
		{049E2F63-E3D0-4193-BD74-C39C728753B3}.AppStore|ARM.ActiveCfg = AppStore|iPhone
		{049E2F63-E3D0-4193-BD74-C39C728753B3}.AppStore|iPhone.ActiveCfg = AppStore|iPhone
		{049E2F63-E3D0-4193-BD74-C39C728753B3}.AppStore|iPhone.Build.0 = AppStore|iPhone
		{049E2F63-E3D0-4193-BD74-C39C728753B3}.AppStore|iPhoneSimulator.ActiveCfg = AppStore|iPhoneSimulator
		{049E2F63-E3D0-4193-BD74-C39C728753B3}.AppStore|iPhoneSimulator.Build.0 = AppStore|iPhoneSimulator
		{049E2F63-E3D0-4193-BD74-C39C728753B3}.AppStore|x64.ActiveCfg = AppStore|iPhone
		{049E2F63-E3D0-4193-BD74-C39C728753B3}.AppStore|x86.ActiveCfg = AppStore|iPhone
		{049E2F63-E3D0-4193-BD74-C39C728753B3}.Debug|Any CPU.ActiveCfg = Debug|iPhone
		{049E2F63-E3D0-4193-BD74-C39C728753B3}.Debug|ARM.ActiveCfg = Debug|iPhone
		{049E2F63-E3D0-4193-BD74-C39C728753B3}.Debug|iPhone.ActiveCfg = Debug|iPhone
		{049E2F63-E3D0-4193-BD74-C39C728753B3}.Debug|iPhone.Build.0 = Debug|iPhone
		{049E2F63-E3D0-4193-BD74-C39C728753B3}.Debug|iPhoneSimulator.ActiveCfg = Debug|iPhoneSimulator
		{049E2F63-E3D0-4193-BD74-C39C728753B3}.Debug|iPhoneSimulator.Build.0 = Debug|iPhoneSimulator
		{049E2F63-E3D0-4193-BD74-C39C728753B3}.Debug|x64.ActiveCfg = Debug|iPhone
		{049E2F63-E3D0-4193-BD74-C39C728753B3}.Debug|x86.ActiveCfg = Debug|iPhone
		{049E2F63-E3D0-4193-BD74-C39C728753B3}.Release|Any CPU.ActiveCfg = Release|iPhone
		{049E2F63-E3D0-4193-BD74-C39C728753B3}.Release|ARM.ActiveCfg = Release|iPhone
		{049E2F63-E3D0-4193-BD74-C39C728753B3}.Release|iPhone.ActiveCfg = Release|iPhone
		{049E2F63-E3D0-4193-BD74-C39C728753B3}.Release|iPhone.Build.0 = Release|iPhone
		{049E2F63-E3D0-4193-BD74-C39C728753B3}.Release|iPhoneSimulator.ActiveCfg = Release|iPhoneSimulator
		{049E2F63-E3D0-4193-BD74-C39C728753B3}.Release|iPhoneSimulator.Build.0 = Release|iPhoneSimulator
		{049E2F63-E3D0-4193-BD74-C39C728753B3}.Release|x64.ActiveCfg = Release|iPhone
		{049E2F63-E3D0-4193-BD74-C39C728753B3}.Release|x86.ActiveCfg = Release|iPhone
		{4CC1B265-BBA0-4CF2-9446-61883AA92410}.Ad-Hoc|Any CPU.ActiveCfg = Release|x86
		{4CC1B265-BBA0-4CF2-9446-61883AA92410}.Ad-Hoc|Any CPU.Build.0 = Release|x86
		{4CC1B265-BBA0-4CF2-9446-61883AA92410}.Ad-Hoc|Any CPU.Deploy.0 = Release|x86
		{4CC1B265-BBA0-4CF2-9446-61883AA92410}.Ad-Hoc|ARM.ActiveCfg = Release|ARM
		{4CC1B265-BBA0-4CF2-9446-61883AA92410}.Ad-Hoc|ARM.Build.0 = Release|ARM
		{4CC1B265-BBA0-4CF2-9446-61883AA92410}.Ad-Hoc|ARM.Deploy.0 = Release|ARM
		{4CC1B265-BBA0-4CF2-9446-61883AA92410}.Ad-Hoc|iPhone.ActiveCfg = Release|x86
		{4CC1B265-BBA0-4CF2-9446-61883AA92410}.Ad-Hoc|iPhone.Build.0 = Release|x86
		{4CC1B265-BBA0-4CF2-9446-61883AA92410}.Ad-Hoc|iPhone.Deploy.0 = Release|x86
		{4CC1B265-BBA0-4CF2-9446-61883AA92410}.Ad-Hoc|iPhoneSimulator.ActiveCfg = Release|x86
		{4CC1B265-BBA0-4CF2-9446-61883AA92410}.Ad-Hoc|iPhoneSimulator.Build.0 = Release|x86
		{4CC1B265-BBA0-4CF2-9446-61883AA92410}.Ad-Hoc|iPhoneSimulator.Deploy.0 = Release|x86
		{4CC1B265-BBA0-4CF2-9446-61883AA92410}.Ad-Hoc|x64.ActiveCfg = Release|x64
		{4CC1B265-BBA0-4CF2-9446-61883AA92410}.Ad-Hoc|x64.Build.0 = Release|x64
		{4CC1B265-BBA0-4CF2-9446-61883AA92410}.Ad-Hoc|x64.Deploy.0 = Release|x64
		{4CC1B265-BBA0-4CF2-9446-61883AA92410}.Ad-Hoc|x86.ActiveCfg = Release|x86
		{4CC1B265-BBA0-4CF2-9446-61883AA92410}.Ad-Hoc|x86.Build.0 = Release|x86
		{4CC1B265-BBA0-4CF2-9446-61883AA92410}.Ad-Hoc|x86.Deploy.0 = Release|x86
		{4CC1B265-BBA0-4CF2-9446-61883AA92410}.AppStore|Any CPU.ActiveCfg = Release|x86
		{4CC1B265-BBA0-4CF2-9446-61883AA92410}.AppStore|Any CPU.Build.0 = Release|x86
		{4CC1B265-BBA0-4CF2-9446-61883AA92410}.AppStore|Any CPU.Deploy.0 = Release|x86
		{4CC1B265-BBA0-4CF2-9446-61883AA92410}.AppStore|ARM.ActiveCfg = Release|ARM
		{4CC1B265-BBA0-4CF2-9446-61883AA92410}.AppStore|ARM.Build.0 = Release|ARM
		{4CC1B265-BBA0-4CF2-9446-61883AA92410}.AppStore|ARM.Deploy.0 = Release|ARM
		{4CC1B265-BBA0-4CF2-9446-61883AA92410}.AppStore|iPhone.ActiveCfg = Release|x86
		{4CC1B265-BBA0-4CF2-9446-61883AA92410}.AppStore|iPhone.Build.0 = Release|x86
		{4CC1B265-BBA0-4CF2-9446-61883AA92410}.AppStore|iPhone.Deploy.0 = Release|x86
		{4CC1B265-BBA0-4CF2-9446-61883AA92410}.AppStore|iPhoneSimulator.ActiveCfg = Release|x86
		{4CC1B265-BBA0-4CF2-9446-61883AA92410}.AppStore|iPhoneSimulator.Build.0 = Release|x86
		{4CC1B265-BBA0-4CF2-9446-61883AA92410}.AppStore|iPhoneSimulator.Deploy.0 = Release|x86
		{4CC1B265-BBA0-4CF2-9446-61883AA92410}.AppStore|x64.ActiveCfg = Release|x64
		{4CC1B265-BBA0-4CF2-9446-61883AA92410}.AppStore|x64.Build.0 = Release|x64
		{4CC1B265-BBA0-4CF2-9446-61883AA92410}.AppStore|x64.Deploy.0 = Release|x64
		{4CC1B265-BBA0-4CF2-9446-61883AA92410}.AppStore|x86.ActiveCfg = Release|x86
		{4CC1B265-BBA0-4CF2-9446-61883AA92410}.AppStore|x86.Build.0 = Release|x86
		{4CC1B265-BBA0-4CF2-9446-61883AA92410}.AppStore|x86.Deploy.0 = Release|x86
		{4CC1B265-BBA0-4CF2-9446-61883AA92410}.Debug|Any CPU.ActiveCfg = Debug|x86
		{4CC1B265-BBA0-4CF2-9446-61883AA92410}.Debug|ARM.ActiveCfg = Debug|ARM
		{4CC1B265-BBA0-4CF2-9446-61883AA92410}.Debug|ARM.Build.0 = Debug|ARM
		{4CC1B265-BBA0-4CF2-9446-61883AA92410}.Debug|ARM.Deploy.0 = Debug|ARM
		{4CC1B265-BBA0-4CF2-9446-61883AA92410}.Debug|iPhone.ActiveCfg = Debug|x86
		{4CC1B265-BBA0-4CF2-9446-61883AA92410}.Debug|iPhoneSimulator.ActiveCfg = Debug|x86
		{4CC1B265-BBA0-4CF2-9446-61883AA92410}.Debug|x64.ActiveCfg = Debug|x64
		{4CC1B265-BBA0-4CF2-9446-61883AA92410}.Debug|x64.Build.0 = Debug|x64
		{4CC1B265-BBA0-4CF2-9446-61883AA92410}.Debug|x64.Deploy.0 = Debug|x64
		{4CC1B265-BBA0-4CF2-9446-61883AA92410}.Debug|x86.ActiveCfg = Debug|x86
		{4CC1B265-BBA0-4CF2-9446-61883AA92410}.Debug|x86.Build.0 = Debug|x86
		{4CC1B265-BBA0-4CF2-9446-61883AA92410}.Debug|x86.Deploy.0 = Debug|x86
		{4CC1B265-BBA0-4CF2-9446-61883AA92410}.Release|Any CPU.ActiveCfg = Release|x86
		{4CC1B265-BBA0-4CF2-9446-61883AA92410}.Release|ARM.ActiveCfg = Release|ARM
		{4CC1B265-BBA0-4CF2-9446-61883AA92410}.Release|ARM.Build.0 = Release|ARM
		{4CC1B265-BBA0-4CF2-9446-61883AA92410}.Release|ARM.Deploy.0 = Release|ARM
		{4CC1B265-BBA0-4CF2-9446-61883AA92410}.Release|iPhone.ActiveCfg = Release|x86
		{4CC1B265-BBA0-4CF2-9446-61883AA92410}.Release|iPhoneSimulator.ActiveCfg = Release|x86
		{4CC1B265-BBA0-4CF2-9446-61883AA92410}.Release|x64.ActiveCfg = Release|x64
		{4CC1B265-BBA0-4CF2-9446-61883AA92410}.Release|x64.Build.0 = Release|x64
		{4CC1B265-BBA0-4CF2-9446-61883AA92410}.Release|x64.Deploy.0 = Release|x64
		{4CC1B265-BBA0-4CF2-9446-61883AA92410}.Release|x86.ActiveCfg = Release|x86
		{4CC1B265-BBA0-4CF2-9446-61883AA92410}.Release|x86.Build.0 = Release|x86
		{4CC1B265-BBA0-4CF2-9446-61883AA92410}.Release|x86.Deploy.0 = Release|x86
		{113B2701-2885-48CE-B63D-3199980409EB}.Ad-Hoc|Any CPU.ActiveCfg = Debug|Any CPU
		{113B2701-2885-48CE-B63D-3199980409EB}.Ad-Hoc|Any CPU.Build.0 = Debug|Any CPU
		{113B2701-2885-48CE-B63D-3199980409EB}.Ad-Hoc|ARM.ActiveCfg = Debug|Any CPU
		{113B2701-2885-48CE-B63D-3199980409EB}.Ad-Hoc|ARM.Build.0 = Debug|Any CPU
		{113B2701-2885-48CE-B63D-3199980409EB}.Ad-Hoc|iPhone.ActiveCfg = Debug|Any CPU
		{113B2701-2885-48CE-B63D-3199980409EB}.Ad-Hoc|iPhone.Build.0 = Debug|Any CPU
		{113B2701-2885-48CE-B63D-3199980409EB}.Ad-Hoc|iPhoneSimulator.ActiveCfg = Debug|Any CPU
		{113B2701-2885-48CE-B63D-3199980409EB}.Ad-Hoc|iPhoneSimulator.Build.0 = Debug|Any CPU
		{113B2701-2885-48CE-B63D-3199980409EB}.Ad-Hoc|x64.ActiveCfg = Debug|Any CPU
		{113B2701-2885-48CE-B63D-3199980409EB}.Ad-Hoc|x64.Build.0 = Debug|Any CPU
		{113B2701-2885-48CE-B63D-3199980409EB}.Ad-Hoc|x86.ActiveCfg = Debug|Any CPU
		{113B2701-2885-48CE-B63D-3199980409EB}.Ad-Hoc|x86.Build.0 = Debug|Any CPU
		{113B2701-2885-48CE-B63D-3199980409EB}.AppStore|Any CPU.ActiveCfg = Debug|Any CPU
		{113B2701-2885-48CE-B63D-3199980409EB}.AppStore|Any CPU.Build.0 = Debug|Any CPU
		{113B2701-2885-48CE-B63D-3199980409EB}.AppStore|ARM.ActiveCfg = Debug|Any CPU
		{113B2701-2885-48CE-B63D-3199980409EB}.AppStore|ARM.Build.0 = Debug|Any CPU
		{113B2701-2885-48CE-B63D-3199980409EB}.AppStore|iPhone.ActiveCfg = Debug|Any CPU
		{113B2701-2885-48CE-B63D-3199980409EB}.AppStore|iPhone.Build.0 = Debug|Any CPU
		{113B2701-2885-48CE-B63D-3199980409EB}.AppStore|iPhoneSimulator.ActiveCfg = Debug|Any CPU
		{113B2701-2885-48CE-B63D-3199980409EB}.AppStore|iPhoneSimulator.Build.0 = Debug|Any CPU
		{113B2701-2885-48CE-B63D-3199980409EB}.AppStore|x64.ActiveCfg = Debug|Any CPU
		{113B2701-2885-48CE-B63D-3199980409EB}.AppStore|x64.Build.0 = Debug|Any CPU
		{113B2701-2885-48CE-B63D-3199980409EB}.AppStore|x86.ActiveCfg = Debug|Any CPU
		{113B2701-2885-48CE-B63D-3199980409EB}.AppStore|x86.Build.0 = Debug|Any CPU
		{113B2701-2885-48CE-B63D-3199980409EB}.Debug|Any CPU.ActiveCfg = Debug|Any CPU
		{113B2701-2885-48CE-B63D-3199980409EB}.Debug|Any CPU.Build.0 = Debug|Any CPU
		{113B2701-2885-48CE-B63D-3199980409EB}.Debug|ARM.ActiveCfg = Debug|Any CPU
		{113B2701-2885-48CE-B63D-3199980409EB}.Debug|ARM.Build.0 = Debug|Any CPU
		{113B2701-2885-48CE-B63D-3199980409EB}.Debug|iPhone.ActiveCfg = Debug|Any CPU
		{113B2701-2885-48CE-B63D-3199980409EB}.Debug|iPhone.Build.0 = Debug|Any CPU
		{113B2701-2885-48CE-B63D-3199980409EB}.Debug|iPhoneSimulator.ActiveCfg = Debug|Any CPU
		{113B2701-2885-48CE-B63D-3199980409EB}.Debug|iPhoneSimulator.Build.0 = Debug|Any CPU
		{113B2701-2885-48CE-B63D-3199980409EB}.Debug|x64.ActiveCfg = Debug|Any CPU
		{113B2701-2885-48CE-B63D-3199980409EB}.Debug|x64.Build.0 = Debug|Any CPU
		{113B2701-2885-48CE-B63D-3199980409EB}.Debug|x86.ActiveCfg = Debug|Any CPU
		{113B2701-2885-48CE-B63D-3199980409EB}.Debug|x86.Build.0 = Debug|Any CPU
		{113B2701-2885-48CE-B63D-3199980409EB}.Release|Any CPU.ActiveCfg = Release|Any CPU
		{113B2701-2885-48CE-B63D-3199980409EB}.Release|Any CPU.Build.0 = Release|Any CPU
		{113B2701-2885-48CE-B63D-3199980409EB}.Release|ARM.ActiveCfg = Release|Any CPU
		{113B2701-2885-48CE-B63D-3199980409EB}.Release|ARM.Build.0 = Release|Any CPU
		{113B2701-2885-48CE-B63D-3199980409EB}.Release|iPhone.ActiveCfg = Release|Any CPU
		{113B2701-2885-48CE-B63D-3199980409EB}.Release|iPhone.Build.0 = Release|Any CPU
		{113B2701-2885-48CE-B63D-3199980409EB}.Release|iPhoneSimulator.ActiveCfg = Release|Any CPU
		{113B2701-2885-48CE-B63D-3199980409EB}.Release|iPhoneSimulator.Build.0 = Release|Any CPU
		{113B2701-2885-48CE-B63D-3199980409EB}.Release|x64.ActiveCfg = Release|Any CPU
		{113B2701-2885-48CE-B63D-3199980409EB}.Release|x64.Build.0 = Release|Any CPU
		{113B2701-2885-48CE-B63D-3199980409EB}.Release|x86.ActiveCfg = Release|Any CPU
		{113B2701-2885-48CE-B63D-3199980409EB}.Release|x86.Build.0 = Release|Any CPU
		{9E1FBF4D-364B-451F-A91B-25FD84788F2C}.Ad-Hoc|Any CPU.ActiveCfg = Release|Any CPU
		{9E1FBF4D-364B-451F-A91B-25FD84788F2C}.Ad-Hoc|Any CPU.Build.0 = Release|Any CPU
		{9E1FBF4D-364B-451F-A91B-25FD84788F2C}.Ad-Hoc|ARM.ActiveCfg = Release|Any CPU
		{9E1FBF4D-364B-451F-A91B-25FD84788F2C}.Ad-Hoc|ARM.Build.0 = Release|Any CPU
		{9E1FBF4D-364B-451F-A91B-25FD84788F2C}.Ad-Hoc|iPhone.ActiveCfg = Release|Any CPU
		{9E1FBF4D-364B-451F-A91B-25FD84788F2C}.Ad-Hoc|iPhone.Build.0 = Release|Any CPU
		{9E1FBF4D-364B-451F-A91B-25FD84788F2C}.Ad-Hoc|iPhoneSimulator.ActiveCfg = Release|Any CPU
		{9E1FBF4D-364B-451F-A91B-25FD84788F2C}.Ad-Hoc|iPhoneSimulator.Build.0 = Release|Any CPU
		{9E1FBF4D-364B-451F-A91B-25FD84788F2C}.Ad-Hoc|x64.ActiveCfg = Release|Any CPU
		{9E1FBF4D-364B-451F-A91B-25FD84788F2C}.Ad-Hoc|x64.Build.0 = Release|Any CPU
		{9E1FBF4D-364B-451F-A91B-25FD84788F2C}.Ad-Hoc|x86.ActiveCfg = Release|Any CPU
		{9E1FBF4D-364B-451F-A91B-25FD84788F2C}.Ad-Hoc|x86.Build.0 = Release|Any CPU
		{9E1FBF4D-364B-451F-A91B-25FD84788F2C}.AppStore|Any CPU.ActiveCfg = Release|Any CPU
		{9E1FBF4D-364B-451F-A91B-25FD84788F2C}.AppStore|Any CPU.Build.0 = Release|Any CPU
		{9E1FBF4D-364B-451F-A91B-25FD84788F2C}.AppStore|ARM.ActiveCfg = Release|Any CPU
		{9E1FBF4D-364B-451F-A91B-25FD84788F2C}.AppStore|ARM.Build.0 = Release|Any CPU
		{9E1FBF4D-364B-451F-A91B-25FD84788F2C}.AppStore|iPhone.ActiveCfg = Release|Any CPU
		{9E1FBF4D-364B-451F-A91B-25FD84788F2C}.AppStore|iPhone.Build.0 = Release|Any CPU
		{9E1FBF4D-364B-451F-A91B-25FD84788F2C}.AppStore|iPhoneSimulator.ActiveCfg = Release|Any CPU
		{9E1FBF4D-364B-451F-A91B-25FD84788F2C}.AppStore|iPhoneSimulator.Build.0 = Release|Any CPU
		{9E1FBF4D-364B-451F-A91B-25FD84788F2C}.AppStore|x64.ActiveCfg = Release|Any CPU
		{9E1FBF4D-364B-451F-A91B-25FD84788F2C}.AppStore|x64.Build.0 = Release|Any CPU
		{9E1FBF4D-364B-451F-A91B-25FD84788F2C}.AppStore|x86.ActiveCfg = Release|Any CPU
		{9E1FBF4D-364B-451F-A91B-25FD84788F2C}.AppStore|x86.Build.0 = Release|Any CPU
		{9E1FBF4D-364B-451F-A91B-25FD84788F2C}.Debug|Any CPU.ActiveCfg = Debug|Any CPU
		{9E1FBF4D-364B-451F-A91B-25FD84788F2C}.Debug|Any CPU.Build.0 = Debug|Any CPU
		{9E1FBF4D-364B-451F-A91B-25FD84788F2C}.Debug|ARM.ActiveCfg = Debug|Any CPU
		{9E1FBF4D-364B-451F-A91B-25FD84788F2C}.Debug|ARM.Build.0 = Debug|Any CPU
		{9E1FBF4D-364B-451F-A91B-25FD84788F2C}.Debug|iPhone.ActiveCfg = Debug|Any CPU
		{9E1FBF4D-364B-451F-A91B-25FD84788F2C}.Debug|iPhone.Build.0 = Debug|Any CPU
		{9E1FBF4D-364B-451F-A91B-25FD84788F2C}.Debug|iPhoneSimulator.ActiveCfg = Debug|Any CPU
		{9E1FBF4D-364B-451F-A91B-25FD84788F2C}.Debug|iPhoneSimulator.Build.0 = Debug|Any CPU
		{9E1FBF4D-364B-451F-A91B-25FD84788F2C}.Debug|x64.ActiveCfg = Debug|Any CPU
		{9E1FBF4D-364B-451F-A91B-25FD84788F2C}.Debug|x64.Build.0 = Debug|Any CPU
		{9E1FBF4D-364B-451F-A91B-25FD84788F2C}.Debug|x86.ActiveCfg = Debug|Any CPU
		{9E1FBF4D-364B-451F-A91B-25FD84788F2C}.Debug|x86.Build.0 = Debug|Any CPU
		{9E1FBF4D-364B-451F-A91B-25FD84788F2C}.Release|Any CPU.ActiveCfg = Release|Any CPU
		{9E1FBF4D-364B-451F-A91B-25FD84788F2C}.Release|Any CPU.Build.0 = Release|Any CPU
		{9E1FBF4D-364B-451F-A91B-25FD84788F2C}.Release|ARM.ActiveCfg = Release|Any CPU
		{9E1FBF4D-364B-451F-A91B-25FD84788F2C}.Release|ARM.Build.0 = Release|Any CPU
		{9E1FBF4D-364B-451F-A91B-25FD84788F2C}.Release|iPhone.ActiveCfg = Release|Any CPU
		{9E1FBF4D-364B-451F-A91B-25FD84788F2C}.Release|iPhone.Build.0 = Release|Any CPU
		{9E1FBF4D-364B-451F-A91B-25FD84788F2C}.Release|iPhoneSimulator.ActiveCfg = Release|Any CPU
		{9E1FBF4D-364B-451F-A91B-25FD84788F2C}.Release|iPhoneSimulator.Build.0 = Release|Any CPU
		{9E1FBF4D-364B-451F-A91B-25FD84788F2C}.Release|x64.ActiveCfg = Release|Any CPU
		{9E1FBF4D-364B-451F-A91B-25FD84788F2C}.Release|x64.Build.0 = Release|Any CPU
		{9E1FBF4D-364B-451F-A91B-25FD84788F2C}.Release|x86.ActiveCfg = Release|Any CPU
		{9E1FBF4D-364B-451F-A91B-25FD84788F2C}.Release|x86.Build.0 = Release|Any CPU
		{7C7A3DAD-97A8-42DA-8952-CCBC4E7A3880}.Ad-Hoc|Any CPU.ActiveCfg = Release|Any CPU
		{7C7A3DAD-97A8-42DA-8952-CCBC4E7A3880}.Ad-Hoc|Any CPU.Build.0 = Release|Any CPU
		{7C7A3DAD-97A8-42DA-8952-CCBC4E7A3880}.Ad-Hoc|ARM.ActiveCfg = Release|Any CPU
		{7C7A3DAD-97A8-42DA-8952-CCBC4E7A3880}.Ad-Hoc|ARM.Build.0 = Release|Any CPU
		{7C7A3DAD-97A8-42DA-8952-CCBC4E7A3880}.Ad-Hoc|iPhone.ActiveCfg = Release|Any CPU
		{7C7A3DAD-97A8-42DA-8952-CCBC4E7A3880}.Ad-Hoc|iPhone.Build.0 = Release|Any CPU
		{7C7A3DAD-97A8-42DA-8952-CCBC4E7A3880}.Ad-Hoc|iPhoneSimulator.ActiveCfg = Release|Any CPU
		{7C7A3DAD-97A8-42DA-8952-CCBC4E7A3880}.Ad-Hoc|iPhoneSimulator.Build.0 = Release|Any CPU
		{7C7A3DAD-97A8-42DA-8952-CCBC4E7A3880}.Ad-Hoc|x64.ActiveCfg = Release|Any CPU
		{7C7A3DAD-97A8-42DA-8952-CCBC4E7A3880}.Ad-Hoc|x64.Build.0 = Release|Any CPU
		{7C7A3DAD-97A8-42DA-8952-CCBC4E7A3880}.Ad-Hoc|x86.ActiveCfg = Release|Any CPU
		{7C7A3DAD-97A8-42DA-8952-CCBC4E7A3880}.Ad-Hoc|x86.Build.0 = Release|Any CPU
		{7C7A3DAD-97A8-42DA-8952-CCBC4E7A3880}.AppStore|Any CPU.ActiveCfg = Release|Any CPU
		{7C7A3DAD-97A8-42DA-8952-CCBC4E7A3880}.AppStore|Any CPU.Build.0 = Release|Any CPU
		{7C7A3DAD-97A8-42DA-8952-CCBC4E7A3880}.AppStore|ARM.ActiveCfg = Release|Any CPU
		{7C7A3DAD-97A8-42DA-8952-CCBC4E7A3880}.AppStore|ARM.Build.0 = Release|Any CPU
		{7C7A3DAD-97A8-42DA-8952-CCBC4E7A3880}.AppStore|iPhone.ActiveCfg = Release|Any CPU
		{7C7A3DAD-97A8-42DA-8952-CCBC4E7A3880}.AppStore|iPhone.Build.0 = Release|Any CPU
		{7C7A3DAD-97A8-42DA-8952-CCBC4E7A3880}.AppStore|iPhoneSimulator.ActiveCfg = Release|Any CPU
		{7C7A3DAD-97A8-42DA-8952-CCBC4E7A3880}.AppStore|iPhoneSimulator.Build.0 = Release|Any CPU
		{7C7A3DAD-97A8-42DA-8952-CCBC4E7A3880}.AppStore|x64.ActiveCfg = Release|Any CPU
		{7C7A3DAD-97A8-42DA-8952-CCBC4E7A3880}.AppStore|x64.Build.0 = Release|Any CPU
		{7C7A3DAD-97A8-42DA-8952-CCBC4E7A3880}.AppStore|x86.ActiveCfg = Release|Any CPU
		{7C7A3DAD-97A8-42DA-8952-CCBC4E7A3880}.AppStore|x86.Build.0 = Release|Any CPU
		{7C7A3DAD-97A8-42DA-8952-CCBC4E7A3880}.Debug|Any CPU.ActiveCfg = Debug|Any CPU
		{7C7A3DAD-97A8-42DA-8952-CCBC4E7A3880}.Debug|Any CPU.Build.0 = Debug|Any CPU
		{7C7A3DAD-97A8-42DA-8952-CCBC4E7A3880}.Debug|ARM.ActiveCfg = Debug|Any CPU
		{7C7A3DAD-97A8-42DA-8952-CCBC4E7A3880}.Debug|ARM.Build.0 = Debug|Any CPU
		{7C7A3DAD-97A8-42DA-8952-CCBC4E7A3880}.Debug|iPhone.ActiveCfg = Debug|Any CPU
		{7C7A3DAD-97A8-42DA-8952-CCBC4E7A3880}.Debug|iPhone.Build.0 = Debug|Any CPU
		{7C7A3DAD-97A8-42DA-8952-CCBC4E7A3880}.Debug|iPhoneSimulator.ActiveCfg = Debug|Any CPU
		{7C7A3DAD-97A8-42DA-8952-CCBC4E7A3880}.Debug|iPhoneSimulator.Build.0 = Debug|Any CPU
		{7C7A3DAD-97A8-42DA-8952-CCBC4E7A3880}.Debug|x64.ActiveCfg = Debug|Any CPU
		{7C7A3DAD-97A8-42DA-8952-CCBC4E7A3880}.Debug|x64.Build.0 = Debug|Any CPU
		{7C7A3DAD-97A8-42DA-8952-CCBC4E7A3880}.Debug|x86.ActiveCfg = Debug|Any CPU
		{7C7A3DAD-97A8-42DA-8952-CCBC4E7A3880}.Debug|x86.Build.0 = Debug|Any CPU
		{7C7A3DAD-97A8-42DA-8952-CCBC4E7A3880}.Release|Any CPU.ActiveCfg = Release|Any CPU
		{7C7A3DAD-97A8-42DA-8952-CCBC4E7A3880}.Release|Any CPU.Build.0 = Release|Any CPU
		{7C7A3DAD-97A8-42DA-8952-CCBC4E7A3880}.Release|ARM.ActiveCfg = Release|Any CPU
		{7C7A3DAD-97A8-42DA-8952-CCBC4E7A3880}.Release|ARM.Build.0 = Release|Any CPU
		{7C7A3DAD-97A8-42DA-8952-CCBC4E7A3880}.Release|iPhone.ActiveCfg = Release|Any CPU
		{7C7A3DAD-97A8-42DA-8952-CCBC4E7A3880}.Release|iPhone.Build.0 = Release|Any CPU
		{7C7A3DAD-97A8-42DA-8952-CCBC4E7A3880}.Release|iPhoneSimulator.ActiveCfg = Release|Any CPU
		{7C7A3DAD-97A8-42DA-8952-CCBC4E7A3880}.Release|iPhoneSimulator.Build.0 = Release|Any CPU
		{7C7A3DAD-97A8-42DA-8952-CCBC4E7A3880}.Release|x64.ActiveCfg = Release|Any CPU
		{7C7A3DAD-97A8-42DA-8952-CCBC4E7A3880}.Release|x64.Build.0 = Release|Any CPU
		{7C7A3DAD-97A8-42DA-8952-CCBC4E7A3880}.Release|x86.ActiveCfg = Release|Any CPU
		{7C7A3DAD-97A8-42DA-8952-CCBC4E7A3880}.Release|x86.Build.0 = Release|Any CPU
		{33122F5A-95F5-4099-894B-B335604362AF}.Ad-Hoc|Any CPU.ActiveCfg = Release|Any CPU
		{33122F5A-95F5-4099-894B-B335604362AF}.Ad-Hoc|Any CPU.Build.0 = Release|Any CPU
		{33122F5A-95F5-4099-894B-B335604362AF}.Ad-Hoc|ARM.ActiveCfg = Release|Any CPU
		{33122F5A-95F5-4099-894B-B335604362AF}.Ad-Hoc|ARM.Build.0 = Release|Any CPU
		{33122F5A-95F5-4099-894B-B335604362AF}.Ad-Hoc|iPhone.ActiveCfg = Release|Any CPU
		{33122F5A-95F5-4099-894B-B335604362AF}.Ad-Hoc|iPhone.Build.0 = Release|Any CPU
		{33122F5A-95F5-4099-894B-B335604362AF}.Ad-Hoc|iPhoneSimulator.ActiveCfg = Release|Any CPU
		{33122F5A-95F5-4099-894B-B335604362AF}.Ad-Hoc|iPhoneSimulator.Build.0 = Release|Any CPU
		{33122F5A-95F5-4099-894B-B335604362AF}.Ad-Hoc|x64.ActiveCfg = Release|Any CPU
		{33122F5A-95F5-4099-894B-B335604362AF}.Ad-Hoc|x64.Build.0 = Release|Any CPU
		{33122F5A-95F5-4099-894B-B335604362AF}.Ad-Hoc|x86.ActiveCfg = Release|Any CPU
		{33122F5A-95F5-4099-894B-B335604362AF}.Ad-Hoc|x86.Build.0 = Release|Any CPU
		{33122F5A-95F5-4099-894B-B335604362AF}.AppStore|Any CPU.ActiveCfg = Release|Any CPU
		{33122F5A-95F5-4099-894B-B335604362AF}.AppStore|Any CPU.Build.0 = Release|Any CPU
		{33122F5A-95F5-4099-894B-B335604362AF}.AppStore|ARM.ActiveCfg = Release|Any CPU
		{33122F5A-95F5-4099-894B-B335604362AF}.AppStore|ARM.Build.0 = Release|Any CPU
		{33122F5A-95F5-4099-894B-B335604362AF}.AppStore|iPhone.ActiveCfg = Release|Any CPU
		{33122F5A-95F5-4099-894B-B335604362AF}.AppStore|iPhone.Build.0 = Release|Any CPU
		{33122F5A-95F5-4099-894B-B335604362AF}.AppStore|iPhoneSimulator.ActiveCfg = Release|Any CPU
		{33122F5A-95F5-4099-894B-B335604362AF}.AppStore|iPhoneSimulator.Build.0 = Release|Any CPU
		{33122F5A-95F5-4099-894B-B335604362AF}.AppStore|x64.ActiveCfg = Release|Any CPU
		{33122F5A-95F5-4099-894B-B335604362AF}.AppStore|x64.Build.0 = Release|Any CPU
		{33122F5A-95F5-4099-894B-B335604362AF}.AppStore|x86.ActiveCfg = Release|Any CPU
		{33122F5A-95F5-4099-894B-B335604362AF}.AppStore|x86.Build.0 = Release|Any CPU
		{33122F5A-95F5-4099-894B-B335604362AF}.Debug|Any CPU.ActiveCfg = Debug|Any CPU
		{33122F5A-95F5-4099-894B-B335604362AF}.Debug|Any CPU.Build.0 = Debug|Any CPU
		{33122F5A-95F5-4099-894B-B335604362AF}.Debug|ARM.ActiveCfg = Debug|Any CPU
		{33122F5A-95F5-4099-894B-B335604362AF}.Debug|ARM.Build.0 = Debug|Any CPU
		{33122F5A-95F5-4099-894B-B335604362AF}.Debug|iPhone.ActiveCfg = Debug|Any CPU
		{33122F5A-95F5-4099-894B-B335604362AF}.Debug|iPhone.Build.0 = Debug|Any CPU
		{33122F5A-95F5-4099-894B-B335604362AF}.Debug|iPhoneSimulator.ActiveCfg = Debug|Any CPU
		{33122F5A-95F5-4099-894B-B335604362AF}.Debug|iPhoneSimulator.Build.0 = Debug|Any CPU
		{33122F5A-95F5-4099-894B-B335604362AF}.Debug|x64.ActiveCfg = Debug|Any CPU
		{33122F5A-95F5-4099-894B-B335604362AF}.Debug|x64.Build.0 = Debug|Any CPU
		{33122F5A-95F5-4099-894B-B335604362AF}.Debug|x86.ActiveCfg = Debug|Any CPU
		{33122F5A-95F5-4099-894B-B335604362AF}.Debug|x86.Build.0 = Debug|Any CPU
		{33122F5A-95F5-4099-894B-B335604362AF}.Release|Any CPU.ActiveCfg = Release|Any CPU
		{33122F5A-95F5-4099-894B-B335604362AF}.Release|Any CPU.Build.0 = Release|Any CPU
		{33122F5A-95F5-4099-894B-B335604362AF}.Release|ARM.ActiveCfg = Release|Any CPU
		{33122F5A-95F5-4099-894B-B335604362AF}.Release|ARM.Build.0 = Release|Any CPU
		{33122F5A-95F5-4099-894B-B335604362AF}.Release|iPhone.ActiveCfg = Release|Any CPU
		{33122F5A-95F5-4099-894B-B335604362AF}.Release|iPhone.Build.0 = Release|Any CPU
		{33122F5A-95F5-4099-894B-B335604362AF}.Release|iPhoneSimulator.ActiveCfg = Release|Any CPU
		{33122F5A-95F5-4099-894B-B335604362AF}.Release|iPhoneSimulator.Build.0 = Release|Any CPU
		{33122F5A-95F5-4099-894B-B335604362AF}.Release|x64.ActiveCfg = Release|Any CPU
		{33122F5A-95F5-4099-894B-B335604362AF}.Release|x64.Build.0 = Release|Any CPU
		{33122F5A-95F5-4099-894B-B335604362AF}.Release|x86.ActiveCfg = Release|Any CPU
		{33122F5A-95F5-4099-894B-B335604362AF}.Release|x86.Build.0 = Release|Any CPU
	EndGlobalSection
	GlobalSection(SolutionProperties) = preSolution
		HideSolutionNode = FALSE
	EndGlobalSection
	GlobalSection(NestedProjects) = preSolution
		{3B9C99A4-1C63-4F68-9326-AFAE18BABA20} = {FAC4C1AD-AA8B-421E-9C18-231E3866E4D6}
		{049E2F63-E3D0-4193-BD74-C39C728753B3} = {FAC4C1AD-AA8B-421E-9C18-231E3866E4D6}
		{4CC1B265-BBA0-4CF2-9446-61883AA92410} = {FAC4C1AD-AA8B-421E-9C18-231E3866E4D6}
		{6DBB41CC-2AE3-4FC0-8004-7ADDE31319A0} = {FAC4C1AD-AA8B-421E-9C18-231E3866E4D6}
	EndGlobalSection
	GlobalSection(ExtensibilityGlobals) = postSolution
		SolutionGuid = {192E52E1-5ED8-4C27-8C06-DB8C01B0C85C}
	EndGlobalSection
EndGlobal
